
Microsoft Visual Studio Solution File, Format Version 11.00
# Visual Studio 2010
Project("{FAE04EC0-301F-11D3-BF4B-00C04F79EFBC}") = "HttpLibrary", "HttpLibrary\HttpLibrary.csproj", "{CA974BC8-952C-479E-80D1-E386FDC632CE}"
EndProject
Project("{FAE04EC0-301F-11D3-BF4B-00C04F79EFBC}") = "attachment downloader", "mydigitalstructure\attachment downloader.csproj", "{F03C905A-7090-4DDE-BB53-A2B586890246}"
EndProject
Project("{54435603-DBB4-11D2-8724-00A0C9A8B90C}") = "Setup", "Setup\Setup.vdproj", "{589E8CFA-04B3-437E-A2A0-AD40E2A470A3}"
EndProject
Global
	GlobalSection(SolutionConfigurationPlatforms) = preSolution
		Debug|Any CPU = Debug|Any CPU
		Release|Any CPU = Release|Any CPU
	EndGlobalSection
	GlobalSection(ProjectConfigurationPlatforms) = postSolution
		{CA974BC8-952C-479E-80D1-E386FDC632CE}.Debug|Any CPU.ActiveCfg = Debug|Any CPU
		{CA974BC8-952C-479E-80D1-E386FDC632CE}.Debug|Any CPU.Build.0 = Debug|Any CPU
		{CA974BC8-952C-479E-80D1-E386FDC632CE}.Release|Any CPU.ActiveCfg = Release|Any CPU
		{CA974BC8-952C-479E-80D1-E386FDC632CE}.Release|Any CPU.Build.0 = Release|Any CPU
		{F03C905A-7090-4DDE-BB53-A2B586890246}.Debug|Any CPU.ActiveCfg = Debug|Any CPU
		{F03C905A-7090-4DDE-BB53-A2B586890246}.Debug|Any CPU.Build.0 = Debug|Any CPU
		{F03C905A-7090-4DDE-BB53-A2B586890246}.Release|Any CPU.ActiveCfg = Release|Any CPU
		{F03C905A-7090-4DDE-BB53-A2B586890246}.Release|Any CPU.Build.0 = Release|Any CPU
		{589E8CFA-04B3-437E-A2A0-AD40E2A470A3}.Debug|Any CPU.ActiveCfg = Debug
		{589E8CFA-04B3-437E-A2A0-AD40E2A470A3}.Release|Any CPU.ActiveCfg = Release
	EndGlobalSection
	GlobalSection(SolutionProperties) = preSolution
		HideSolutionNode = FALSE
	EndGlobalSection
EndGlobal
